
Microsoft Visual Studio Solution File, Format Version 12.00
# Visual Studio Version 17
VisualStudioVersion = 17.3.32922.545
MinimumVisualStudioVersion = 10.0.40219.1
Project("{FAE04EC0-301F-11D3-BF4B-00C04F79EFBC}") = "MyLog", "MyLog.csproj", "{4E5C6AE8-89FB-40D7-A7AF-81F12FB5D428}"
EndProject
Global
	GlobalSection(SolutionConfigurationPlatforms) = preSolution
		Debug|Any CPU = Debug|Any CPU
		Release|Any CPU = Release|Any CPU
	EndGlobalSection
	GlobalSection(ProjectConfigurationPlatforms) = postSolution
		{4E5C6AE8-89FB-40D7-A7AF-81F12FB5D428}.Debug|Any CPU.ActiveCfg = Debug|Any CPU
		{4E5C6AE8-89FB-40D7-A7AF-81F12FB5D428}.Debug|Any CPU.Build.0 = Debug|Any CPU
		{4E5C6AE8-89FB-40D7-A7AF-81F12FB5D428}.Release|Any CPU.ActiveCfg = Release|Any CPU
		{4E5C6AE8-89FB-40D7-A7AF-81F12FB5D428}.Release|Any CPU.Build.0 = Release|Any CPU
	EndGlobalSection
	GlobalSection(SolutionProperties) = preSolution
		HideSolutionNode = FALSE
	EndGlobalSection
	GlobalSection(ExtensibilityGlobals) = postSolution
		SolutionGuid = {AE1FDCBE-7F56-4C65-ACBE-E5AD4A725333}
	EndGlobalSection
EndGlobal
